Microsoft Visual Studio Solution File, Format Version 12.00
# Visual Studio Version 17
VisualStudioVersion = 17.0.31903.59
MinimumVisualStudioVersion = 10.0.40219.1
Project("{9A19103F-16F7-4668-BE54-9A1E7A4F7556}") = "ServisOptimizasyon.Api", "ServisOptimizasyon.Api\ServisOptimizasyon.Api.csproj", "{3F1B2A6C-8D4E-4C2A-9B7E-1A2B3C4D5E6F}"
EndProject
Project("{9A19103F-16F7-4668-BE54-9A1E7A4F7556}") = "ServisOptimizasyon.Api.Tests", "ServisOptimizasyon.Api.Tests\ServisOptimizasyon.Api.Tests.csproj", "{7C9E4D21-5A3B-4E8F-9C1D-2E3F4A5B6C7D}"
EndProject
Global
	GlobalSection(SolutionConfigurationPlatforms) = preSolution
		Debug|Any CPU = Debug|Any CPU
		Release|Any CPU = Release|Any CPU
	EndGlobalSection
	GlobalSection(ProjectConfigurationPlatforms) = postSolution
		{3F1B2A6C-8D4E-4C2A-9B7E-1A2B3C4D5E6F}.Debug|Any CPU.ActiveCfg = Debug|Any CPU
		{3F1B2A6C-8D4E-4C2A-9B7E-1A2B3C4D5E6F}.Debug|Any CPU.Build.0 = Debug|Any CPU
		{3F1B2A6C-8D4E-4C2A-9B7E-1A2B3C4D5E6F}.Release|Any CPU.ActiveCfg = Release|Any CPU
		{3F1B2A6C-8D4E-4C2A-9B7E-1A2B3C4D5E6F}.Release|Any CPU.Build.0 = Release|Any CPU
		{7C9E4D21-5A3B-4E8F-9C1D-2E3F4A5B6C7D}.Debug|Any CPU.ActiveCfg = Debug|Any CPU
		{7C9E4D21-5A3B-4E8F-9C1D-2E3F4A5B6C7D}.Debug|Any CPU.Build.0 = Debug|Any CPU
		{7C9E4D21-5A3B-4E8F-9C1D-2E3F4A5B6C7D}.Release|Any CPU.ActiveCfg = Release|Any CPU
		{7C9E4D21-5A3B-4E8F-9C1D-2E3F4A5B6C7D}.Release|Any CPU.Build.0 = Release|Any CPU
	EndGlobalSection
	GlobalSection(SolutionProperties) = preSolution
		HideSolutionNode = FALSE
	EndGlobalSection
EndGlobal
